
Microsoft Visual Studio Solution File, Format Version 12.00
# Visual Studio 15
VisualStudioVersion = 15.0.28307.1321
MinimumVisualStudioVersion = 10.0.40219.1
Project("{FAE04EC0-301F-11D3-BF4B-00C04F79EFBC}") = "ReservationsBackEnd", "Reservations\ReservationsBackEnd.csproj", "{0ACB56CF-1509-4883-A407-1E9D78285E88}"
EndProject
Project("{FAE04EC0-301F-11D3-BF4B-00C04F79EFBC}") = "ReservatiosDataAcces", "ReservatiosDataAcces\ReservatiosDataAcces.csproj", "{DD2B5C8E-670E-4258-A23D-A8D0250471C3}"
EndProject
Global
	GlobalSection(SolutionConfigurationPlatforms) = preSolution
		Debug|Any CPU = Debug|Any CPU
		Release|Any CPU = Release|Any CPU
	EndGlobalSection
	GlobalSection(ProjectConfigurationPlatforms) = postSolution
		{0ACB56CF-1509-4883-A407-1E9D78285E88}.Debug|Any CPU.ActiveCfg = Debug|Any CPU
		{0ACB56CF-1509-4883-A407-1E9D78285E88}.Debug|Any CPU.Build.0 = Debug|Any CPU
		{0ACB56CF-1509-4883-A407-1E9D78285E88}.Release|Any CPU.ActiveCfg = Release|Any CPU
		{0ACB56CF-1509-4883-A407-1E9D78285E88}.Release|Any CPU.Build.0 = Release|Any CPU
		{DD2B5C8E-670E-4258-A23D-A8D0250471C3}.Debug|Any CPU.ActiveCfg = Debug|Any CPU
		{DD2B5C8E-670E-4258-A23D-A8D0250471C3}.Debug|Any CPU.Build.0 = Debug|Any CPU
		{DD2B5C8E-670E-4258-A23D-A8D0250471C3}.Release|Any CPU.ActiveCfg = Release|Any CPU
		{DD2B5C8E-670E-4258-A23D-A8D0250471C3}.Release|Any CPU.Build.0 = Release|Any CPU
	EndGlobalSection
	GlobalSection(SolutionProperties) = preSolution
		HideSolutionNode = FALSE
	EndGlobalSection
	GlobalSection(ExtensibilityGlobals) = postSolution
		SolutionGuid = {81D31C29-D080-4332-9644-A8D4CE3A50B3}
	EndGlobalSection
EndGlobal
